
Microsoft Visual Studio Solution File, Format Version 12.00
# Visual Studio Version 17
VisualStudioVersion = 17.4.33110.190
MinimumVisualStudioVersion = 10.0.40219.1
Project("{FAE04EC0-301F-11D3-BF4B-00C04F79EFBC}") = "CadastroUsuario", "CadastroUsuario\CadastroUsuario.csproj", "{D51B7F69-5601-4EC2-9A9F-A1CCE2554CF5}"
EndProject
Global
	GlobalSection(SolutionConfigurationPlatforms) = preSolution
		Debug|Any CPU = Debug|Any CPU
		Release|Any CPU = Release|Any CPU
	EndGlobalSection
	GlobalSection(ProjectConfigurationPlatforms) = postSolution
		{D51B7F69-5601-4EC2-9A9F-A1CCE2554CF5}.Debug|Any CPU.ActiveCfg = Debug|Any CPU
		{D51B7F69-5601-4EC2-9A9F-A1CCE2554CF5}.Debug|Any CPU.Build.0 = Debug|Any CPU
		{D51B7F69-5601-4EC2-9A9F-A1CCE2554CF5}.Release|Any CPU.ActiveCfg = Release|Any CPU
		{D51B7F69-5601-4EC2-9A9F-A1CCE2554CF5}.Release|Any CPU.Build.0 = Release|Any CPU
	EndGlobalSection
	GlobalSection(SolutionProperties) = preSolution
		HideSolutionNode = FALSE
	EndGlobalSection
	GlobalSection(ExtensibilityGlobals) = postSolution
		SolutionGuid = {5983E5D0-86A4-4950-ACEB-ADD92DB960DF}
	EndGlobalSection
EndGlobal
